<?xml version="1.0" encoding="UTF-8" standalone="yes" ?>
<CodeBlocks_project_file>
	<FileVersion major="1" minor="6" />
	<Project>
		<Option title="write_bitmask" />
		<Option pch_mode="2" />
		<Option compiler="gcc" />
		<Build>
			<Target title="Debug">
				<Option output="bin\Debug\write_bitmask" prefix_auto="1" extension_auto="1" />
				<Option working_dir="..\..\..\testdata" />
				<Option object_output="obj\Debug\" />
				<Option type="1" />
				<Option compiler="gcc" />
				<Option parameters='MER_RR__2PNRAL20100429_160201_000003102089_00040_42679_0001.N1 &quot;l2_flags.LAND and !l2_flags.TOAVI_BRIGHT&quot; output/bitmask.raw' />
				<Compiler>
					<Add option="-g" />
				</Compiler>
				<Linker>
					<Add library="..\epr_api\bin\Debug\libepr_api.a" />
				</Linker>
			</Target>
			<Target title="Release">
				<Option output="bin\Release\write_bitmask" prefix_auto="1" extension_auto="1" />
				<Option working_dir="..\..\..\testdata" />
				<Option object_output="obj\Release\" />
				<Option type="1" />
				<Option compiler="gcc" />
				<Option parameters='MER_RR__2PNRAL20100429_160201_000003102089_00040_42679_0001.N1 &quot;l2_flags.LAND and !l2_flags.TOAVI_BRIGHT&quot; output/bitmask.raw' />
				<Compiler>
					<Add option="-O2" />
				</Compiler>
				<Linker>
					<Add option="-s" />
					<Add library="..\epr_api\bin\Release\libepr_api.a" />
				</Linker>
			</Target>
		</Build>
		<Compiler>
			<Add option="-Wall" />
		</Compiler>
		<Unit filename="..\..\..\src\examples\write_bitmask.c">
			<Option compilerVar="CC" />
		</Unit>
		<Extensions>
			<code_completion />
			<debugger />
			<lib_finder disable_auto="1" />
		</Extensions>
	</Project>
</CodeBlocks_project_file>
