<?xml version="1.0" encoding="UTF-8" standalone="yes" ?>
<CodeBlocks_project_file>
	<FileVersion major="1" minor="6" />
	<Project>
		<Option title="api_unit_tests" />
		<Option pch_mode="2" />
		<Option compiler="gcc" />
		<Build>
			<Target title="Debug">
				<Option output="bin\Debug\api_unit_tests" prefix_auto="1" extension_auto="1" />
				<Option working_dir="..\..\..\testdata" />
				<Option object_output="obj\Debug\" />
				<Option type="1" />
				<Option compiler="gcc" />
				<Option parameters="../test-L1.cfg ../test-L2.cfg ../test-eoli.cfg ../test-iraq.cfg" />
				<Compiler>
					<Add option="-g" />
				</Compiler>
				<Linker>
					<Add library="..\epr_api\bin\Debug\libepr_api.a" />
				</Linker>
			</Target>
			<Target title="Release">
				<Option output="bin\Release\api_unit_tests" prefix_auto="1" extension_auto="1" />
				<Option working_dir="..\..\..\testdata" />
				<Option object_output="obj\Release\" />
				<Option type="1" />
				<Option compiler="gcc" />
				<Option parameters="../test-L1.cfg ../test-L2.cfg ../test-eoli.cfg ../test-iraq.cfg" />
				<Compiler>
					<Add option="-O2" />
				</Compiler>
				<Linker>
					<Add option="-s" />
					<Add library="..\epr_api\bin\Release\libepr_api.a" />
				</Linker>
			</Target>
		</Build>
		<Compiler>
			<Add option="-Wall" />
		</Compiler>
		<Unit filename="..\..\..\src\test\api_unit_tests.c">
			<Option compilerVar="CC" />
		</Unit>
		<Unit filename="..\..\..\test-L1.cfg" />
		<Unit filename="..\..\..\test-L2.cfg" />
		<Unit filename="..\..\..\test-eoli.cfg" />
		<Unit filename="..\..\..\test-iraq.cfg" />
		<Extensions>
			<code_completion />
			<debugger />
			<lib_finder disable_auto="1" />
		</Extensions>
	</Project>
</CodeBlocks_project_file>
